{
    "version": 3,
    "terraform_version": "0.11.3",
    "serial": 5,
    "lineage": "a6e7695e-2592-4622-b794-fd340e046739",
    "modules": [
        {
            "path": [
                "root"
            ],
            "outputs": {
                "vpc_id": {
                    "sensitive": false,
                    "type": "string",
                    "value": "vpc-c51bf6ad"
                }
            },
            "resources": {
                "aws_instance.example": {
                    "type": "aws_instance",
                    "depends_on": [],
                    "primary": {
                        "id": "i-03c2af5838beb33a4",
                        "attributes": {
                            "ami": "ami-403e2524",
                            "associate_public_ip_address": "true",
                            "availability_zone": "eu-west-2a",
                            "disable_api_termination": "false",
                            "ebs_block_device.#": "0",
                            "ebs_optimized": "false",
                            "ephemeral_block_device.#": "0",
                            "iam_instance_profile": "",
                            "id": "i-03c2af5838beb33a4",
                            "instance_state": "running",
                            "instance_type": "t2.micro",
                            "ipv6_addresses.#": "0",
                            "key_name": "MyEC2KeyPair",
                            "monitoring": "false",
                            "network_interface.#": "0",
                            "network_interface_id": "eni-a7fa1df3",
                            "placement_group": "",
                            "primary_network_interface_id": "eni-a7fa1df3",
                            "private_dns": "ip-172-31-17-164.eu-west-2.compute.internal",
                            "private_ip": "172.31.17.164",
                            "public_dns": "ec2-35-177-72-250.eu-west-2.compute.amazonaws.com",
                            "public_ip": "35.177.72.250",
                            "root_block_device.#": "1",
                            "root_block_device.0.delete_on_termination": "true",
                            "root_block_device.0.iops": "100",
                            "root_block_device.0.volume_id": "vol-093ce7af3b74d1da4",
                            "root_block_device.0.volume_size": "8",
                            "root_block_device.0.volume_type": "gp2",
                            "security_groups.#": "1",
                            "security_groups.3334917865": "MyWebDMZ",
                            "source_dest_check": "true",
                            "subnet_id": "subnet-12b1a769",
                            "tags.%": "3",
                            "tags.By": "Hans",
                            "tags.Created": "20180323",
                            "tags.Name": "Hans first terraform EC2 instance",
                            "tenancy": "default",
                            "volume_tags.%": "0",
                            "vpc_security_group_ids.#": "1",
                            "vpc_security_group_ids.799556223": "sg-40376b28"
                        },
                        "meta": {
                            "e2bfb730-ecaa-11e6-8f88-34363bc7c4c0": {
                                "create": 600000000000,
                                "delete": 1200000000000,
                                "update": 600000000000
                            },
                            "schema_version": "1"
                        },
                        "tainted": false
                    },
                    "deposed": [],
                    "provider": "provider.aws"
                },
                "data.aws_security_group.sec_group": {
                    "type": "aws_security_group",
                    "depends_on": [],
                    "primary": {
                        "id": "sg-50005c38",
                        "attributes": {
                            "arn": "arn:aws:ec2:eu-west-2:382190403217:security-group/sg-50005c38",
                            "description": "default VPC security group",
                            "id": "sg-50005c38",
                            "name": "default",
                            "tags.%": "0",
                            "vpc_id": "vpc-c51bf6ad"
                        },
                        "meta": {},
                        "tainted": false
                    },
                    "deposed": [],
                    "provider": "provider.aws"
                }
            },
            "depends_on": []
        },
        {
            "path": [
                "root",
                "another-module"
            ],
            "outputs": {
                "a-real-good-value-for-first-var": {
                    "sensitive": false,
                    "type": "string",
                    "value": "1st var isn't it?"
                },
                "anothervalue": {
                    "sensitive": false,
                    "type": "string",
                    "value": "44444444444444444444444"
                }
            },
            "resources": {},
            "depends_on": []
        }
    ]
}
